
Microsoft Visual Studio Solution File, Format Version 12.00
# Visual Studio Version 16
VisualStudioVersion = 16.0.29709.97
MinimumVisualStudioVersion = 10.0.40219.1
Project("{9A19103F-16F7-4668-BE54-9A1E7A4F7556}") = "GrpcServer", "GrpcServer\GrpcServer.csproj", "{4BC5B1C4-F99B-409C-80C5-53DA08296D1A}"
EndProject
Project("{FAE04EC0-301F-11D3-BF4B-00C04F79EFBC}") = "GrpcClient", "GrpcClient\GrpcClient.csproj", "{4108D330-D7B6-493B-A740-0A4018D0B7A2}"
EndProject
Global
	GlobalSection(SolutionConfigurationPlatforms) = preSolution
		Debug|Any CPU = Debug|Any CPU
		Release|Any CPU = Release|Any CPU
	EndGlobalSection
	GlobalSection(ProjectConfigurationPlatforms) = postSolution
		{4BC5B1C4-F99B-409C-80C5-53DA08296D1A}.Debug|Any CPU.ActiveCfg = Debug|Any CPU
		{4BC5B1C4-F99B-409C-80C5-53DA08296D1A}.Debug|Any CPU.Build.0 = Debug|Any CPU
		{4BC5B1C4-F99B-409C-80C5-53DA08296D1A}.Release|Any CPU.ActiveCfg = Release|Any CPU
		{4BC5B1C4-F99B-409C-80C5-53DA08296D1A}.Release|Any CPU.Build.0 = Release|Any CPU
		{4108D330-D7B6-493B-A740-0A4018D0B7A2}.Debug|Any CPU.ActiveCfg = Debug|Any CPU
		{4108D330-D7B6-493B-A740-0A4018D0B7A2}.Debug|Any CPU.Build.0 = Debug|Any CPU
		{4108D330-D7B6-493B-A740-0A4018D0B7A2}.Release|Any CPU.ActiveCfg = Release|Any CPU
		{4108D330-D7B6-493B-A740-0A4018D0B7A2}.Release|Any CPU.Build.0 = Release|Any CPU
	EndGlobalSection
	GlobalSection(SolutionProperties) = preSolution
		HideSolutionNode = FALSE
	EndGlobalSection
	GlobalSection(ExtensibilityGlobals) = postSolution
		SolutionGuid = {327B9452-B390-486D-8093-C4C03D20ABBE}
	EndGlobalSection
EndGlobal
